
Microsoft Visual Studio Solution File, Format Version 12.00
# Visual Studio 14
VisualStudioVersion = 14.0.24720.0
MinimumVisualStudioVersion = 10.0.40219.1
Project("{FAE04EC0-301F-11D3-BF4B-00C04F79EFBC}") = "Cicero.Core", "Cicero.Core\Cicero.Core.csproj", "{F23481A6-6D57-4DC0-972B-2F4E25A926AA}"
EndProject
Global
	GlobalSection(SolutionConfigurationPlatforms) = preSolution
		Debug|Any CPU = Debug|Any CPU
		Release|Any CPU = Release|Any CPU
	EndGlobalSection
	GlobalSection(ProjectConfigurationPlatforms) = postSolution
		{F23481A6-6D57-4DC0-972B-2F4E25A926AA}.Debug|Any CPU.ActiveCfg = Debug|Any CPU
		{F23481A6-6D57-4DC0-972B-2F4E25A926AA}.Debug|Any CPU.Build.0 = Debug|Any CPU
		{F23481A6-6D57-4DC0-972B-2F4E25A926AA}.Release|Any CPU.ActiveCfg = Release|Any CPU
		{F23481A6-6D57-4DC0-972B-2F4E25A926AA}.Release|Any CPU.Build.0 = Release|Any CPU
	EndGlobalSection
	GlobalSection(SolutionProperties) = preSolution
		HideSolutionNode = FALSE
	EndGlobalSection
EndGlobal
